lockfileVersion: 5.4

specifiers:
  '@forastro/utilities': ^0.0.1

dependencies:
  '@forastro/utilities': 0.0.1

packages:

  /@forastro/utilities/0.0.1:
    resolution: {integrity: sha512-FvR+W+4/kQL493MMiwp1H6b2Q8HauZLD6X6BnZzVrsd0Y0o4HLhL3AsBN7P+CVydcjkWyZDvTW35aD1KAD5UKA==}
    peerDependencies:
      astro: ^1.0.0
    dev: false
